// !$*UTF8*$!
{
	archiveVersion = 1;
	classes = {
	};
	objectVersion = 50;
	objects = {

/* Begin PBXFileReference section */
		414878752373439100C2FC19 /* README */ = {isa = PBXFileReference; lastKnownFileType = text; path = README; sourceTree = "<group>"; };
		41487876237433D500C2FC19 /* test.py */ = {isa = PBXFileReference; lastKnownFileType = text.script.python; path = test.py; sourceTree = "<group>"; };
		4148787723746F7200C2FC19 /* read_functions.py */ = {isa = PBXFileReference; lastKnownFileType = text.script.python; path = read_functions.py; sourceTree = "<group>"; };
		4148787823756AFA00C2FC19 /* plot_functions.py */ = {isa = PBXFileReference; lastKnownFileType = text.script.python; path = plot_functions.py; sourceTree = "<group>"; };
		41487879237572A700C2FC19 /* process_functions.py */ = {isa = PBXFileReference; lastKnownFileType = text.script.python; path = process_functions.py; sourceTree = "<group>"; };
		4148787A2375790700C2FC19 /* LORAparameters.py */ = {isa = PBXFileReference; lastKnownFileType = text.script.python; path = LORAparameters.py; sourceTree = "<group>"; };
		4148787B23759F3400C2FC19 /* event_time.py */ = {isa = PBXFileReference; lastKnownFileType = text.script.python; path = event_time.py; sourceTree = "<group>"; };
		4148787C2375D03500C2FC19 /* detector.py */ = {isa = PBXFileReference; lastKnownFileType = text.script.python; path = detector.py; sourceTree = "<group>"; };
		4148787D2375D76F00C2FC19 /* event.py */ = {isa = PBXFileReference; lastKnownFileType = text.script.python; path = event.py; sourceTree = "<group>"; };
		4192C0FB2394510100A586F7 /* LORA_by_event.py */ = {isa = PBXFileReference; lastKnownFileType = text.script.python; path = LORA_by_event.py; sourceTree = "<group>"; };
		4192C0FC23945BC400A586F7 /* run_event.sh */ = {isa = PBXFileReference; lastKnownFileType = text.script.sh; path = run_event.sh; sourceTree = "<group>"; };
		4192C10B23950D0500A586F7 /* data */ = {isa = PBXFileReference; lastKnownFileType = folder; path = data; sourceTree = "<group>"; };
		4192C10C23950D1A00A586F7 /* debug.py */ = {isa = PBXFileReference; lastKnownFileType = text.script.python; path = debug.py; sourceTree = "<group>"; };
		4192C10E23950FD700A586F7 /* error_list.txt */ = {isa = PBXFileReference; lastKnownFileType = text; path = error_list.txt; sourceTree = "<group>"; };
		4192C10F239512EA00A586F7 /* LORA_by_event_debug.py */ = {isa = PBXFileReference; lastKnownFileType = text.script.python; path = LORA_by_event_debug.py; sourceTree = "<group>"; };
/* End PBXFileReference section */

/* Begin PBXGroup section */
		4148786E2373434D00C2FC19 = {
			isa = PBXGroup;
			children = (
				414878752373439100C2FC19 /* README */,
				41487876237433D500C2FC19 /* test.py */,
				4192C10E23950FD700A586F7 /* error_list.txt */,
				4192C10F239512EA00A586F7 /* LORA_by_event_debug.py */,
				4192C0FB2394510100A586F7 /* LORA_by_event.py */,
				4192C0FC23945BC400A586F7 /* run_event.sh */,
				4148787D2375D76F00C2FC19 /* event.py */,
				4192C10B23950D0500A586F7 /* data */,
				4148787C2375D03500C2FC19 /* detector.py */,
				4148787823756AFA00C2FC19 /* plot_functions.py */,
				4148787723746F7200C2FC19 /* read_functions.py */,
				41487879237572A700C2FC19 /* process_functions.py */,
				4148787A2375790700C2FC19 /* LORAparameters.py */,
				4192C10C23950D1A00A586F7 /* debug.py */,
				4148787B23759F3400C2FC19 /* event_time.py */,
			);
			sourceTree = "<group>";
		};
/* End PBXGroup section */

/* Begin PBXProject section */
		4148786F2373434D00C2FC19 /* Project object */ = {
			isa = PBXProject;
			attributes = {
				LastUpgradeCheck = 1010;
			};
			buildConfigurationList = 414878722373434D00C2FC19 /* Build configuration list for PBXProject "LORA_software_V2" */;
			compatibilityVersion = "Xcode 9.3";
			developmentRegion = en;
			hasScannedForEncodings = 0;
			knownRegions = (
				en,
			);
			mainGroup = 4148786E2373434D00C2FC19;
			projectDirPath = "";
			projectRoot = "";
			targets = (
			);
		};
/* End PBXProject section */

/* Begin XCBuildConfiguration section */
		414878732373434D00C2FC19 /* Debug */ = {
			isa = XCBuildConfiguration;
			buildSettings = {
			};
			name = Debug;
		};
		414878742373434D00C2FC19 /* Release */ = {
			isa = XCBuildConfiguration;
			buildSettings = {
			};
			name = Release;
		};
/* End XCBuildConfiguration section */

/* Begin XCConfigurationList section */
		414878722373434D00C2FC19 /* Build configuration list for PBXProject "LORA_software_V2" */ = {
			isa = XCConfigurationList;
			buildConfigurations = (
				414878732373434D00C2FC19 /* Debug */,
				414878742373434D00C2FC19 /* Release */,
			);
			defaultConfigurationIsVisible = 0;
			defaultConfigurationName = Release;
		};
/* End XCConfigurationList section */
	};
	rootObject = 4148786F2373434D00C2FC19 /* Project object */;
}
